
Microsoft Visual Studio Solution File, Format Version 12.00
# Visual Studio Version 17
VisualStudioVersion = 17.5.33627.172
MinimumVisualStudioVersion = 10.0.40219.1
Project("{8BC9CEB8-8B4A-11D0-8D11-00A0C91BC942}") = "LEECODE", "LEECODE\LEECODE.vcxproj", "{44FD9274-AA86-482F-B141-EFA7780F7F00}"
EndProject
Project("{8BC9CEB8-8B4A-11D0-8D11-00A0C91BC942}") = "LEECODE1901", "LEECODE1901\LEECODE1901.vcxproj", "{5BFA19FD-02C7-44BC-B32F-0BB626C8AF7E}"
EndProject
Project("{8BC9CEB8-8B4A-11D0-8D11-00A0C91BC942}") = "LEECODE2828", "LEECODE2828\LEECODE2828.vcxproj", "{74D41D4B-D1AD-49C5-9855-54D9BB7481A8}"
EndProject
Project("{8BC9CEB8-8B4A-11D0-8D11-00A0C91BC942}") = "LEECODE18", "LEECODE18\LEECODE18.vcxproj", "{32E03914-7414-41D6-8246-5745ED416461}"
EndProject
Global
	GlobalSection(SolutionConfigurationPlatforms) = preSolution
		Debug|x64 = Debug|x64
		Debug|x86 = Debug|x86
		Release|x64 = Release|x64
		Release|x86 = Release|x86
	EndGlobalSection
	GlobalSection(ProjectConfigurationPlatforms) = postSolution
		{44FD9274-AA86-482F-B141-EFA7780F7F00}.Debug|x64.ActiveCfg = Debug|x64
		{44FD9274-AA86-482F-B141-EFA7780F7F00}.Debug|x64.Build.0 = Debug|x64
		{44FD9274-AA86-482F-B141-EFA7780F7F00}.Debug|x86.ActiveCfg = Debug|Win32
		{44FD9274-AA86-482F-B141-EFA7780F7F00}.Debug|x86.Build.0 = Debug|Win32
		{44FD9274-AA86-482F-B141-EFA7780F7F00}.Release|x64.ActiveCfg = Release|x64
		{44FD9274-AA86-482F-B141-EFA7780F7F00}.Release|x64.Build.0 = Release|x64
		{44FD9274-AA86-482F-B141-EFA7780F7F00}.Release|x86.ActiveCfg = Release|Win32
		{44FD9274-AA86-482F-B141-EFA7780F7F00}.Release|x86.Build.0 = Release|Win32
		{5BFA19FD-02C7-44BC-B32F-0BB626C8AF7E}.Debug|x64.ActiveCfg = Debug|x64
		{5BFA19FD-02C7-44BC-B32F-0BB626C8AF7E}.Debug|x64.Build.0 = Debug|x64
		{5BFA19FD-02C7-44BC-B32F-0BB626C8AF7E}.Debug|x86.ActiveCfg = Debug|Win32
		{5BFA19FD-02C7-44BC-B32F-0BB626C8AF7E}.Debug|x86.Build.0 = Debug|Win32
		{5BFA19FD-02C7-44BC-B32F-0BB626C8AF7E}.Release|x64.ActiveCfg = Release|x64
		{5BFA19FD-02C7-44BC-B32F-0BB626C8AF7E}.Release|x64.Build.0 = Release|x64
		{5BFA19FD-02C7-44BC-B32F-0BB626C8AF7E}.Release|x86.ActiveCfg = Release|Win32
		{5BFA19FD-02C7-44BC-B32F-0BB626C8AF7E}.Release|x86.Build.0 = Release|Win32
		{74D41D4B-D1AD-49C5-9855-54D9BB7481A8}.Debug|x64.ActiveCfg = Debug|x64
		{74D41D4B-D1AD-49C5-9855-54D9BB7481A8}.Debug|x64.Build.0 = Debug|x64
		{74D41D4B-D1AD-49C5-9855-54D9BB7481A8}.Debug|x86.ActiveCfg = Debug|Win32
		{74D41D4B-D1AD-49C5-9855-54D9BB7481A8}.Debug|x86.Build.0 = Debug|Win32
		{74D41D4B-D1AD-49C5-9855-54D9BB7481A8}.Release|x64.ActiveCfg = Release|x64
		{74D41D4B-D1AD-49C5-9855-54D9BB7481A8}.Release|x64.Build.0 = Release|x64
		{74D41D4B-D1AD-49C5-9855-54D9BB7481A8}.Release|x86.ActiveCfg = Release|Win32
		{74D41D4B-D1AD-49C5-9855-54D9BB7481A8}.Release|x86.Build.0 = Release|Win32
		{32E03914-7414-41D6-8246-5745ED416461}.Debug|x64.ActiveCfg = Debug|x64
		{32E03914-7414-41D6-8246-5745ED416461}.Debug|x64.Build.0 = Debug|x64
		{32E03914-7414-41D6-8246-5745ED416461}.Debug|x86.ActiveCfg = Debug|Win32
		{32E03914-7414-41D6-8246-5745ED416461}.Debug|x86.Build.0 = Debug|Win32
		{32E03914-7414-41D6-8246-5745ED416461}.Release|x64.ActiveCfg = Release|x64
		{32E03914-7414-41D6-8246-5745ED416461}.Release|x64.Build.0 = Release|x64
		{32E03914-7414-41D6-8246-5745ED416461}.Release|x86.ActiveCfg = Release|Win32
		{32E03914-7414-41D6-8246-5745ED416461}.Release|x86.Build.0 = Release|Win32
	EndGlobalSection
	GlobalSection(SolutionProperties) = preSolution
		HideSolutionNode = FALSE
	EndGlobalSection
	GlobalSection(ExtensibilityGlobals) = postSolution
		SolutionGuid = {9D73680E-96AE-4882-986E-A39B0059FB26}
	EndGlobalSection
EndGlobal
